
Microsoft Visual Studio Solution File, Format Version 12.00
# Visual Studio 15
VisualStudioVersion = 15.0.27703.2035
MinimumVisualStudioVersion = 10.0.40219.1
Project("{9A19103F-16F7-4668-BE54-9A1E7A4F7556}") = "Demo.Portable", "Demo.Portable\Demo.Portable.csproj", "{D9EE4A9B-B028-4571-BA10-76BE0D39B86D}"
EndProject
Project("{9A19103F-16F7-4668-BE54-9A1E7A4F7556}") = "Demo.NetStandard", "Demo.NetStandard\Demo.NetStandard.csproj", "{15970A9D-3058-452F-A952-164057E959C2}"
EndProject
Project("{9A19103F-16F7-4668-BE54-9A1E7A4F7556}") = "Demo.UWP", "Demo.UWP\Demo.UWP.csproj", "{D21769A4-706F-4292-8F45-95C1088E10C4}"
EndProject
Project("{9A19103F-16F7-4668-BE54-9A1E7A4F7556}") = "Demo.Desktop", "Demo.Desktop\Demo.Desktop.csproj", "{0C32967D-3E98-471C-9775-B6C470EAFA0E}"
EndProject
Project("{9A19103F-16F7-4668-BE54-9A1E7A4F7556}") = "Demo.OldDesktop", "Demo.OldDesktop\Demo.OldDesktop.csproj", "{29C174D5-132F-4F30-9575-22F93C06EE7E}"
EndProject
Project("{9A19103F-16F7-4668-BE54-9A1E7A4F7556}") = "Demo.NetCore", "Demo.NetCore\Demo.NetCore.csproj", "{9CC49425-B826-4A1C-B362-259E1F95A45C}"
EndProject
Project("{9A19103F-16F7-4668-BE54-9A1E7A4F7556}") = "Demo.Android", "Demo.Android\Demo.Android.csproj", "{F3646796-0BB2-4A02-A35F-FC98725697B5}"
EndProject
Project("{9A19103F-16F7-4668-BE54-9A1E7A4F7556}") = "Demo.iOS", "Demo.iOS\Demo.iOS.csproj", "{E71F3053-056C-4381-9638-048ED73BDFF6}"
EndProject
Project("{9A19103F-16F7-4668-BE54-9A1E7A4F7556}") = "Demo.Tizen", "Demo.Tizen\Demo.Tizen.csproj", "{CC9F67A2-B48B-45C3-9F82-3480099B04CD}"
EndProject
Project("{9A19103F-16F7-4668-BE54-9A1E7A4F7556}") = "Demo.WinRT", "Demo.WinRT\Demo.WinRT.csproj", "{129C60C8-99BF-46AD-BE12-072B8A311193}"
EndProject
Project("{9A19103F-16F7-4668-BE54-9A1E7A4F7556}") = "Demo.WP", "Demo.WP\Demo.WP.csproj", "{DEF48CA3-CA5D-43A0-83B0-B7E328638DEE}"
EndProject
Project("{9A19103F-16F7-4668-BE54-9A1E7A4F7556}") = "Demo.Win8", "Demo.Win8\Demo.Win8.csproj", "{A1C0948D-E4F6-4B24-A57F-7E47E7BCDAEC}"
EndProject
Project("{9A19103F-16F7-4668-BE54-9A1E7A4F7556}") = "Demo.WPA", "Demo.WPA\Demo.WPA.csproj", "{F4294E7B-562F-4C8F-8089-095215E717AB}"
EndProject
Project("{9A19103F-16F7-4668-BE54-9A1E7A4F7556}") = "Demo.SL", "Demo.SL\Demo.SL.csproj", "{E4C2C2DE-D4B9-477A-AE05-FE0976F89DFC}"
EndProject
Global
	GlobalSection(SolutionConfigurationPlatforms) = preSolution
		Debug|Any CPU = Debug|Any CPU
		Debug|ARM = Debug|ARM
		Debug|x64 = Debug|x64
		Debug|x86 = Debug|x86
		Release|Any CPU = Release|Any CPU
		Release|ARM = Release|ARM
		Release|x64 = Release|x64
		Release|x86 = Release|x86
	EndGlobalSection
	GlobalSection(ProjectConfigurationPlatforms) = postSolution
		{D9EE4A9B-B028-4571-BA10-76BE0D39B86D}.Debug|Any CPU.ActiveCfg = Debug|Any CPU
		{D9EE4A9B-B028-4571-BA10-76BE0D39B86D}.Debug|Any CPU.Build.0 = Debug|Any CPU
		{D9EE4A9B-B028-4571-BA10-76BE0D39B86D}.Debug|ARM.ActiveCfg = Debug|Any CPU
		{D9EE4A9B-B028-4571-BA10-76BE0D39B86D}.Debug|ARM.Build.0 = Debug|Any CPU
		{D9EE4A9B-B028-4571-BA10-76BE0D39B86D}.Debug|x64.ActiveCfg = Debug|Any CPU
		{D9EE4A9B-B028-4571-BA10-76BE0D39B86D}.Debug|x64.Build.0 = Debug|Any CPU
		{D9EE4A9B-B028-4571-BA10-76BE0D39B86D}.Debug|x86.ActiveCfg = Debug|Any CPU
		{D9EE4A9B-B028-4571-BA10-76BE0D39B86D}.Debug|x86.Build.0 = Debug|Any CPU
		{D9EE4A9B-B028-4571-BA10-76BE0D39B86D}.Release|Any CPU.ActiveCfg = Release|Any CPU
		{D9EE4A9B-B028-4571-BA10-76BE0D39B86D}.Release|Any CPU.Build.0 = Release|Any CPU
		{D9EE4A9B-B028-4571-BA10-76BE0D39B86D}.Release|ARM.ActiveCfg = Release|Any CPU
		{D9EE4A9B-B028-4571-BA10-76BE0D39B86D}.Release|ARM.Build.0 = Release|Any CPU
		{D9EE4A9B-B028-4571-BA10-76BE0D39B86D}.Release|x64.ActiveCfg = Release|Any CPU
		{D9EE4A9B-B028-4571-BA10-76BE0D39B86D}.Release|x64.Build.0 = Release|Any CPU
		{D9EE4A9B-B028-4571-BA10-76BE0D39B86D}.Release|x86.ActiveCfg = Release|Any CPU
		{D9EE4A9B-B028-4571-BA10-76BE0D39B86D}.Release|x86.Build.0 = Release|Any CPU
		{15970A9D-3058-452F-A952-164057E959C2}.Debug|Any CPU.ActiveCfg = Debug|Any CPU
		{15970A9D-3058-452F-A952-164057E959C2}.Debug|Any CPU.Build.0 = Debug|Any CPU
		{15970A9D-3058-452F-A952-164057E959C2}.Debug|ARM.ActiveCfg = Debug|Any CPU
		{15970A9D-3058-452F-A952-164057E959C2}.Debug|ARM.Build.0 = Debug|Any CPU
		{15970A9D-3058-452F-A952-164057E959C2}.Debug|x64.ActiveCfg = Debug|Any CPU
		{15970A9D-3058-452F-A952-164057E959C2}.Debug|x64.Build.0 = Debug|Any CPU
		{15970A9D-3058-452F-A952-164057E959C2}.Debug|x86.ActiveCfg = Debug|Any CPU
		{15970A9D-3058-452F-A952-164057E959C2}.Debug|x86.Build.0 = Debug|Any CPU
		{15970A9D-3058-452F-A952-164057E959C2}.Release|Any CPU.ActiveCfg = Release|Any CPU
		{15970A9D-3058-452F-A952-164057E959C2}.Release|Any CPU.Build.0 = Release|Any CPU
		{15970A9D-3058-452F-A952-164057E959C2}.Release|ARM.ActiveCfg = Release|Any CPU
		{15970A9D-3058-452F-A952-164057E959C2}.Release|ARM.Build.0 = Release|Any CPU
		{15970A9D-3058-452F-A952-164057E959C2}.Release|x64.ActiveCfg = Release|Any CPU
		{15970A9D-3058-452F-A952-164057E959C2}.Release|x64.Build.0 = Release|Any CPU
		{15970A9D-3058-452F-A952-164057E959C2}.Release|x86.ActiveCfg = Release|Any CPU
		{15970A9D-3058-452F-A952-164057E959C2}.Release|x86.Build.0 = Release|Any CPU
		{D21769A4-706F-4292-8F45-95C1088E10C4}.Debug|Any CPU.ActiveCfg = Debug|Any CPU
		{D21769A4-706F-4292-8F45-95C1088E10C4}.Debug|Any CPU.Build.0 = Debug|Any CPU
		{D21769A4-706F-4292-8F45-95C1088E10C4}.Debug|ARM.ActiveCfg = Debug|Any CPU
		{D21769A4-706F-4292-8F45-95C1088E10C4}.Debug|ARM.Build.0 = Debug|Any CPU
		{D21769A4-706F-4292-8F45-95C1088E10C4}.Debug|x64.ActiveCfg = Debug|Any CPU
		{D21769A4-706F-4292-8F45-95C1088E10C4}.Debug|x64.Build.0 = Debug|Any CPU
		{D21769A4-706F-4292-8F45-95C1088E10C4}.Debug|x86.ActiveCfg = Debug|Any CPU
		{D21769A4-706F-4292-8F45-95C1088E10C4}.Debug|x86.Build.0 = Debug|Any CPU
		{D21769A4-706F-4292-8F45-95C1088E10C4}.Release|Any CPU.ActiveCfg = Release|Any CPU
		{D21769A4-706F-4292-8F45-95C1088E10C4}.Release|Any CPU.Build.0 = Release|Any CPU
		{D21769A4-706F-4292-8F45-95C1088E10C4}.Release|ARM.ActiveCfg = Release|Any CPU
		{D21769A4-706F-4292-8F45-95C1088E10C4}.Release|ARM.Build.0 = Release|Any CPU
		{D21769A4-706F-4292-8F45-95C1088E10C4}.Release|x64.ActiveCfg = Release|Any CPU
		{D21769A4-706F-4292-8F45-95C1088E10C4}.Release|x64.Build.0 = Release|Any CPU
		{D21769A4-706F-4292-8F45-95C1088E10C4}.Release|x86.ActiveCfg = Release|Any CPU
		{D21769A4-706F-4292-8F45-95C1088E10C4}.Release|x86.Build.0 = Release|Any CPU
		{0C32967D-3E98-471C-9775-B6C470EAFA0E}.Debug|Any CPU.ActiveCfg = Debug|Any CPU
		{0C32967D-3E98-471C-9775-B6C470EAFA0E}.Debug|Any CPU.Build.0 = Debug|Any CPU
		{0C32967D-3E98-471C-9775-B6C470EAFA0E}.Debug|ARM.ActiveCfg = Debug|Any CPU
		{0C32967D-3E98-471C-9775-B6C470EAFA0E}.Debug|ARM.Build.0 = Debug|Any CPU
		{0C32967D-3E98-471C-9775-B6C470EAFA0E}.Debug|x64.ActiveCfg = Debug|Any CPU
		{0C32967D-3E98-471C-9775-B6C470EAFA0E}.Debug|x64.Build.0 = Debug|Any CPU
		{0C32967D-3E98-471C-9775-B6C470EAFA0E}.Debug|x86.ActiveCfg = Debug|Any CPU
		{0C32967D-3E98-471C-9775-B6C470EAFA0E}.Debug|x86.Build.0 = Debug|Any CPU
		{0C32967D-3E98-471C-9775-B6C470EAFA0E}.Release|Any CPU.ActiveCfg = Release|Any CPU
		{0C32967D-3E98-471C-9775-B6C470EAFA0E}.Release|Any CPU.Build.0 = Release|Any CPU
		{0C32967D-3E98-471C-9775-B6C470EAFA0E}.Release|ARM.ActiveCfg = Release|Any CPU
		{0C32967D-3E98-471C-9775-B6C470EAFA0E}.Release|ARM.Build.0 = Release|Any CPU
		{0C32967D-3E98-471C-9775-B6C470EAFA0E}.Release|x64.ActiveCfg = Release|Any CPU
		{0C32967D-3E98-471C-9775-B6C470EAFA0E}.Release|x64.Build.0 = Release|Any CPU
		{0C32967D-3E98-471C-9775-B6C470EAFA0E}.Release|x86.ActiveCfg = Release|Any CPU
		{0C32967D-3E98-471C-9775-B6C470EAFA0E}.Release|x86.Build.0 = Release|Any CPU
		{29C174D5-132F-4F30-9575-22F93C06EE7E}.Debug|Any CPU.ActiveCfg = Debug|Any CPU
		{29C174D5-132F-4F30-9575-22F93C06EE7E}.Debug|Any CPU.Build.0 = Debug|Any CPU
		{29C174D5-132F-4F30-9575-22F93C06EE7E}.Debug|ARM.ActiveCfg = Debug|Any CPU
		{29C174D5-132F-4F30-9575-22F93C06EE7E}.Debug|ARM.Build.0 = Debug|Any CPU
		{29C174D5-132F-4F30-9575-22F93C06EE7E}.Debug|x64.ActiveCfg = Debug|Any CPU
		{29C174D5-132F-4F30-9575-22F93C06EE7E}.Debug|x64.Build.0 = Debug|Any CPU
		{29C174D5-132F-4F30-9575-22F93C06EE7E}.Debug|x86.ActiveCfg = Debug|Any CPU
		{29C174D5-132F-4F30-9575-22F93C06EE7E}.Debug|x86.Build.0 = Debug|Any CPU
		{29C174D5-132F-4F30-9575-22F93C06EE7E}.Release|Any CPU.ActiveCfg = Release|Any CPU
		{29C174D5-132F-4F30-9575-22F93C06EE7E}.Release|Any CPU.Build.0 = Release|Any CPU
		{29C174D5-132F-4F30-9575-22F93C06EE7E}.Release|ARM.ActiveCfg = Release|Any CPU
		{29C174D5-132F-4F30-9575-22F93C06EE7E}.Release|ARM.Build.0 = Release|Any CPU
		{29C174D5-132F-4F30-9575-22F93C06EE7E}.Release|x64.ActiveCfg = Release|Any CPU
		{29C174D5-132F-4F30-9575-22F93C06EE7E}.Release|x64.Build.0 = Release|Any CPU
		{29C174D5-132F-4F30-9575-22F93C06EE7E}.Release|x86.ActiveCfg = Release|Any CPU
		{29C174D5-132F-4F30-9575-22F93C06EE7E}.Release|x86.Build.0 = Release|Any CPU
		{9CC49425-B826-4A1C-B362-259E1F95A45C}.Debug|Any CPU.ActiveCfg = Debug|Any CPU
		{9CC49425-B826-4A1C-B362-259E1F95A45C}.Debug|Any CPU.Build.0 = Debug|Any CPU
		{9CC49425-B826-4A1C-B362-259E1F95A45C}.Debug|ARM.ActiveCfg = Debug|Any CPU
		{9CC49425-B826-4A1C-B362-259E1F95A45C}.Debug|ARM.Build.0 = Debug|Any CPU
		{9CC49425-B826-4A1C-B362-259E1F95A45C}.Debug|x64.ActiveCfg = Debug|Any CPU
		{9CC49425-B826-4A1C-B362-259E1F95A45C}.Debug|x64.Build.0 = Debug|Any CPU
		{9CC49425-B826-4A1C-B362-259E1F95A45C}.Debug|x86.ActiveCfg = Debug|Any CPU
		{9CC49425-B826-4A1C-B362-259E1F95A45C}.Debug|x86.Build.0 = Debug|Any CPU
		{9CC49425-B826-4A1C-B362-259E1F95A45C}.Release|Any CPU.ActiveCfg = Release|Any CPU
		{9CC49425-B826-4A1C-B362-259E1F95A45C}.Release|Any CPU.Build.0 = Release|Any CPU
		{9CC49425-B826-4A1C-B362-259E1F95A45C}.Release|ARM.ActiveCfg = Release|Any CPU
		{9CC49425-B826-4A1C-B362-259E1F95A45C}.Release|ARM.Build.0 = Release|Any CPU
		{9CC49425-B826-4A1C-B362-259E1F95A45C}.Release|x64.ActiveCfg = Release|Any CPU
		{9CC49425-B826-4A1C-B362-259E1F95A45C}.Release|x64.Build.0 = Release|Any CPU
		{9CC49425-B826-4A1C-B362-259E1F95A45C}.Release|x86.ActiveCfg = Release|Any CPU
		{9CC49425-B826-4A1C-B362-259E1F95A45C}.Release|x86.Build.0 = Release|Any CPU
		{F3646796-0BB2-4A02-A35F-FC98725697B5}.Debug|Any CPU.ActiveCfg = Debug|Any CPU
		{F3646796-0BB2-4A02-A35F-FC98725697B5}.Debug|Any CPU.Build.0 = Debug|Any CPU
		{F3646796-0BB2-4A02-A35F-FC98725697B5}.Debug|ARM.ActiveCfg = Debug|Any CPU
		{F3646796-0BB2-4A02-A35F-FC98725697B5}.Debug|ARM.Build.0 = Debug|Any CPU
		{F3646796-0BB2-4A02-A35F-FC98725697B5}.Debug|x64.ActiveCfg = Debug|Any CPU
		{F3646796-0BB2-4A02-A35F-FC98725697B5}.Debug|x64.Build.0 = Debug|Any CPU
		{F3646796-0BB2-4A02-A35F-FC98725697B5}.Debug|x86.ActiveCfg = Debug|Any CPU
		{F3646796-0BB2-4A02-A35F-FC98725697B5}.Debug|x86.Build.0 = Debug|Any CPU
		{F3646796-0BB2-4A02-A35F-FC98725697B5}.Release|Any CPU.ActiveCfg = Release|Any CPU
		{F3646796-0BB2-4A02-A35F-FC98725697B5}.Release|Any CPU.Build.0 = Release|Any CPU
		{F3646796-0BB2-4A02-A35F-FC98725697B5}.Release|ARM.ActiveCfg = Release|Any CPU
		{F3646796-0BB2-4A02-A35F-FC98725697B5}.Release|ARM.Build.0 = Release|Any CPU
		{F3646796-0BB2-4A02-A35F-FC98725697B5}.Release|x64.ActiveCfg = Release|Any CPU
		{F3646796-0BB2-4A02-A35F-FC98725697B5}.Release|x64.Build.0 = Release|Any CPU
		{F3646796-0BB2-4A02-A35F-FC98725697B5}.Release|x86.ActiveCfg = Release|Any CPU
		{F3646796-0BB2-4A02-A35F-FC98725697B5}.Release|x86.Build.0 = Release|Any CPU
		{E71F3053-056C-4381-9638-048ED73BDFF6}.Debug|Any CPU.ActiveCfg = Debug|Any CPU
		{E71F3053-056C-4381-9638-048ED73BDFF6}.Debug|Any CPU.Build.0 = Debug|Any CPU
		{E71F3053-056C-4381-9638-048ED73BDFF6}.Debug|ARM.ActiveCfg = Debug|Any CPU
		{E71F3053-056C-4381-9638-048ED73BDFF6}.Debug|ARM.Build.0 = Debug|Any CPU
		{E71F3053-056C-4381-9638-048ED73BDFF6}.Debug|x64.ActiveCfg = Debug|Any CPU
		{E71F3053-056C-4381-9638-048ED73BDFF6}.Debug|x64.Build.0 = Debug|Any CPU
		{E71F3053-056C-4381-9638-048ED73BDFF6}.Debug|x86.ActiveCfg = Debug|Any CPU
		{E71F3053-056C-4381-9638-048ED73BDFF6}.Debug|x86.Build.0 = Debug|Any CPU
		{E71F3053-056C-4381-9638-048ED73BDFF6}.Release|Any CPU.ActiveCfg = Release|Any CPU
		{E71F3053-056C-4381-9638-048ED73BDFF6}.Release|Any CPU.Build.0 = Release|Any CPU
		{E71F3053-056C-4381-9638-048ED73BDFF6}.Release|ARM.ActiveCfg = Release|Any CPU
		{E71F3053-056C-4381-9638-048ED73BDFF6}.Release|ARM.Build.0 = Release|Any CPU
		{E71F3053-056C-4381-9638-048ED73BDFF6}.Release|x64.ActiveCfg = Release|Any CPU
		{E71F3053-056C-4381-9638-048ED73BDFF6}.Release|x64.Build.0 = Release|Any CPU
		{E71F3053-056C-4381-9638-048ED73BDFF6}.Release|x86.ActiveCfg = Release|Any CPU
		{E71F3053-056C-4381-9638-048ED73BDFF6}.Release|x86.Build.0 = Release|Any CPU
		{CC9F67A2-B48B-45C3-9F82-3480099B04CD}.Debug|Any CPU.ActiveCfg = Debug|Any CPU
		{CC9F67A2-B48B-45C3-9F82-3480099B04CD}.Debug|Any CPU.Build.0 = Debug|Any CPU
		{CC9F67A2-B48B-45C3-9F82-3480099B04CD}.Debug|ARM.ActiveCfg = Debug|Any CPU
		{CC9F67A2-B48B-45C3-9F82-3480099B04CD}.Debug|ARM.Build.0 = Debug|Any CPU
		{CC9F67A2-B48B-45C3-9F82-3480099B04CD}.Debug|x64.ActiveCfg = Debug|Any CPU
		{CC9F67A2-B48B-45C3-9F82-3480099B04CD}.Debug|x64.Build.0 = Debug|Any CPU
		{CC9F67A2-B48B-45C3-9F82-3480099B04CD}.Debug|x86.ActiveCfg = Debug|Any CPU
		{CC9F67A2-B48B-45C3-9F82-3480099B04CD}.Debug|x86.Build.0 = Debug|Any CPU
		{CC9F67A2-B48B-45C3-9F82-3480099B04CD}.Release|Any CPU.ActiveCfg = Release|Any CPU
		{CC9F67A2-B48B-45C3-9F82-3480099B04CD}.Release|Any CPU.Build.0 = Release|Any CPU
		{CC9F67A2-B48B-45C3-9F82-3480099B04CD}.Release|ARM.ActiveCfg = Release|Any CPU
		{CC9F67A2-B48B-45C3-9F82-3480099B04CD}.Release|ARM.Build.0 = Release|Any CPU
		{CC9F67A2-B48B-45C3-9F82-3480099B04CD}.Release|x64.ActiveCfg = Release|Any CPU
		{CC9F67A2-B48B-45C3-9F82-3480099B04CD}.Release|x64.Build.0 = Release|Any CPU
		{CC9F67A2-B48B-45C3-9F82-3480099B04CD}.Release|x86.ActiveCfg = Release|Any CPU
		{CC9F67A2-B48B-45C3-9F82-3480099B04CD}.Release|x86.Build.0 = Release|Any CPU
		{129C60C8-99BF-46AD-BE12-072B8A311193}.Debug|Any CPU.ActiveCfg = Debug|Any CPU
		{129C60C8-99BF-46AD-BE12-072B8A311193}.Debug|Any CPU.Build.0 = Debug|Any CPU
		{129C60C8-99BF-46AD-BE12-072B8A311193}.Debug|ARM.ActiveCfg = Debug|Any CPU
		{129C60C8-99BF-46AD-BE12-072B8A311193}.Debug|ARM.Build.0 = Debug|Any CPU
		{129C60C8-99BF-46AD-BE12-072B8A311193}.Debug|x64.ActiveCfg = Debug|Any CPU
		{129C60C8-99BF-46AD-BE12-072B8A311193}.Debug|x64.Build.0 = Debug|Any CPU
		{129C60C8-99BF-46AD-BE12-072B8A311193}.Debug|x86.ActiveCfg = Debug|Any CPU
		{129C60C8-99BF-46AD-BE12-072B8A311193}.Debug|x86.Build.0 = Debug|Any CPU
		{129C60C8-99BF-46AD-BE12-072B8A311193}.Release|Any CPU.ActiveCfg = Release|Any CPU
		{129C60C8-99BF-46AD-BE12-072B8A311193}.Release|Any CPU.Build.0 = Release|Any CPU
		{129C60C8-99BF-46AD-BE12-072B8A311193}.Release|ARM.ActiveCfg = Release|Any CPU
		{129C60C8-99BF-46AD-BE12-072B8A311193}.Release|ARM.Build.0 = Release|Any CPU
		{129C60C8-99BF-46AD-BE12-072B8A311193}.Release|x64.ActiveCfg = Release|Any CPU
		{129C60C8-99BF-46AD-BE12-072B8A311193}.Release|x64.Build.0 = Release|Any CPU
		{129C60C8-99BF-46AD-BE12-072B8A311193}.Release|x86.ActiveCfg = Release|Any CPU
		{129C60C8-99BF-46AD-BE12-072B8A311193}.Release|x86.Build.0 = Release|Any CPU
		{DEF48CA3-CA5D-43A0-83B0-B7E328638DEE}.Debug|Any CPU.ActiveCfg = Debug|Any CPU
		{DEF48CA3-CA5D-43A0-83B0-B7E328638DEE}.Debug|Any CPU.Build.0 = Debug|Any CPU
		{DEF48CA3-CA5D-43A0-83B0-B7E328638DEE}.Debug|ARM.ActiveCfg = Debug|Any CPU
		{DEF48CA3-CA5D-43A0-83B0-B7E328638DEE}.Debug|ARM.Build.0 = Debug|Any CPU
		{DEF48CA3-CA5D-43A0-83B0-B7E328638DEE}.Debug|x64.ActiveCfg = Debug|Any CPU
		{DEF48CA3-CA5D-43A0-83B0-B7E328638DEE}.Debug|x64.Build.0 = Debug|Any CPU
		{DEF48CA3-CA5D-43A0-83B0-B7E328638DEE}.Debug|x86.ActiveCfg = Debug|Any CPU
		{DEF48CA3-CA5D-43A0-83B0-B7E328638DEE}.Debug|x86.Build.0 = Debug|Any CPU
		{DEF48CA3-CA5D-43A0-83B0-B7E328638DEE}.Release|Any CPU.ActiveCfg = Release|Any CPU
		{DEF48CA3-CA5D-43A0-83B0-B7E328638DEE}.Release|Any CPU.Build.0 = Release|Any CPU
		{DEF48CA3-CA5D-43A0-83B0-B7E328638DEE}.Release|ARM.ActiveCfg = Release|Any CPU
		{DEF48CA3-CA5D-43A0-83B0-B7E328638DEE}.Release|ARM.Build.0 = Release|Any CPU
		{DEF48CA3-CA5D-43A0-83B0-B7E328638DEE}.Release|x64.ActiveCfg = Release|Any CPU
		{DEF48CA3-CA5D-43A0-83B0-B7E328638DEE}.Release|x64.Build.0 = Release|Any CPU
		{DEF48CA3-CA5D-43A0-83B0-B7E328638DEE}.Release|x86.ActiveCfg = Release|Any CPU
		{DEF48CA3-CA5D-43A0-83B0-B7E328638DEE}.Release|x86.Build.0 = Release|Any CPU
		{A1C0948D-E4F6-4B24-A57F-7E47E7BCDAEC}.Debug|Any CPU.ActiveCfg = Debug|Any CPU
		{A1C0948D-E4F6-4B24-A57F-7E47E7BCDAEC}.Debug|Any CPU.Build.0 = Debug|Any CPU
		{A1C0948D-E4F6-4B24-A57F-7E47E7BCDAEC}.Debug|ARM.ActiveCfg = Debug|Any CPU
		{A1C0948D-E4F6-4B24-A57F-7E47E7BCDAEC}.Debug|ARM.Build.0 = Debug|Any CPU
		{A1C0948D-E4F6-4B24-A57F-7E47E7BCDAEC}.Debug|x64.ActiveCfg = Debug|Any CPU
		{A1C0948D-E4F6-4B24-A57F-7E47E7BCDAEC}.Debug|x64.Build.0 = Debug|Any CPU
		{A1C0948D-E4F6-4B24-A57F-7E47E7BCDAEC}.Debug|x86.ActiveCfg = Debug|Any CPU
		{A1C0948D-E4F6-4B24-A57F-7E47E7BCDAEC}.Debug|x86.Build.0 = Debug|Any CPU
		{A1C0948D-E4F6-4B24-A57F-7E47E7BCDAEC}.Release|Any CPU.ActiveCfg = Release|Any CPU
		{A1C0948D-E4F6-4B24-A57F-7E47E7BCDAEC}.Release|Any CPU.Build.0 = Release|Any CPU
		{A1C0948D-E4F6-4B24-A57F-7E47E7BCDAEC}.Release|ARM.ActiveCfg = Release|Any CPU
		{A1C0948D-E4F6-4B24-A57F-7E47E7BCDAEC}.Release|ARM.Build.0 = Release|Any CPU
		{A1C0948D-E4F6-4B24-A57F-7E47E7BCDAEC}.Release|x64.ActiveCfg = Release|Any CPU
		{A1C0948D-E4F6-4B24-A57F-7E47E7BCDAEC}.Release|x64.Build.0 = Release|Any CPU
		{A1C0948D-E4F6-4B24-A57F-7E47E7BCDAEC}.Release|x86.ActiveCfg = Release|Any CPU
		{A1C0948D-E4F6-4B24-A57F-7E47E7BCDAEC}.Release|x86.Build.0 = Release|Any CPU
		{F4294E7B-562F-4C8F-8089-095215E717AB}.Debug|Any CPU.ActiveCfg = Debug|Any CPU
		{F4294E7B-562F-4C8F-8089-095215E717AB}.Debug|Any CPU.Build.0 = Debug|Any CPU
		{F4294E7B-562F-4C8F-8089-095215E717AB}.Debug|ARM.ActiveCfg = Debug|Any CPU
		{F4294E7B-562F-4C8F-8089-095215E717AB}.Debug|ARM.Build.0 = Debug|Any CPU
		{F4294E7B-562F-4C8F-8089-095215E717AB}.Debug|x64.ActiveCfg = Debug|Any CPU
		{F4294E7B-562F-4C8F-8089-095215E717AB}.Debug|x64.Build.0 = Debug|Any CPU
		{F4294E7B-562F-4C8F-8089-095215E717AB}.Debug|x86.ActiveCfg = Debug|Any CPU
		{F4294E7B-562F-4C8F-8089-095215E717AB}.Debug|x86.Build.0 = Debug|Any CPU
		{F4294E7B-562F-4C8F-8089-095215E717AB}.Release|Any CPU.ActiveCfg = Release|Any CPU
		{F4294E7B-562F-4C8F-8089-095215E717AB}.Release|Any CPU.Build.0 = Release|Any CPU
		{F4294E7B-562F-4C8F-8089-095215E717AB}.Release|ARM.ActiveCfg = Release|Any CPU
		{F4294E7B-562F-4C8F-8089-095215E717AB}.Release|ARM.Build.0 = Release|Any CPU
		{F4294E7B-562F-4C8F-8089-095215E717AB}.Release|x64.ActiveCfg = Release|Any CPU
		{F4294E7B-562F-4C8F-8089-095215E717AB}.Release|x64.Build.0 = Release|Any CPU
		{F4294E7B-562F-4C8F-8089-095215E717AB}.Release|x86.ActiveCfg = Release|Any CPU
		{F4294E7B-562F-4C8F-8089-095215E717AB}.Release|x86.Build.0 = Release|Any CPU
		{E4C2C2DE-D4B9-477A-AE05-FE0976F89DFC}.Debug|Any CPU.ActiveCfg = Debug|Any CPU
		{E4C2C2DE-D4B9-477A-AE05-FE0976F89DFC}.Debug|Any CPU.Build.0 = Debug|Any CPU
		{E4C2C2DE-D4B9-477A-AE05-FE0976F89DFC}.Debug|ARM.ActiveCfg = Debug|Any CPU
		{E4C2C2DE-D4B9-477A-AE05-FE0976F89DFC}.Debug|ARM.Build.0 = Debug|Any CPU
		{E4C2C2DE-D4B9-477A-AE05-FE0976F89DFC}.Debug|x64.ActiveCfg = Debug|Any CPU
		{E4C2C2DE-D4B9-477A-AE05-FE0976F89DFC}.Debug|x64.Build.0 = Debug|Any CPU
		{E4C2C2DE-D4B9-477A-AE05-FE0976F89DFC}.Debug|x86.ActiveCfg = Debug|Any CPU
		{E4C2C2DE-D4B9-477A-AE05-FE0976F89DFC}.Debug|x86.Build.0 = Debug|Any CPU
		{E4C2C2DE-D4B9-477A-AE05-FE0976F89DFC}.Release|Any CPU.ActiveCfg = Release|Any CPU
		{E4C2C2DE-D4B9-477A-AE05-FE0976F89DFC}.Release|Any CPU.Build.0 = Release|Any CPU
		{E4C2C2DE-D4B9-477A-AE05-FE0976F89DFC}.Release|ARM.ActiveCfg = Release|Any CPU
		{E4C2C2DE-D4B9-477A-AE05-FE0976F89DFC}.Release|ARM.Build.0 = Release|Any CPU
		{E4C2C2DE-D4B9-477A-AE05-FE0976F89DFC}.Release|x64.ActiveCfg = Release|Any CPU
		{E4C2C2DE-D4B9-477A-AE05-FE0976F89DFC}.Release|x64.Build.0 = Release|Any CPU
		{E4C2C2DE-D4B9-477A-AE05-FE0976F89DFC}.Release|x86.ActiveCfg = Release|Any CPU
		{E4C2C2DE-D4B9-477A-AE05-FE0976F89DFC}.Release|x86.Build.0 = Release|Any CPU
	EndGlobalSection
	GlobalSection(SolutionProperties) = preSolution
		HideSolutionNode = FALSE
	EndGlobalSection
	GlobalSection(ExtensibilityGlobals) = postSolution
		SolutionGuid = {86837FD9-C6A9-4776-91CF-BB0000094B8F}
	EndGlobalSection
EndGlobal
